# This file is generated by running "yarn install" inside your project.
# Manual changes might be lost - proceed with caution!

__metadata:
  version: 6

"@liukai2_p/react-native-wheel-picky@workspace:.":
  version: 0.0.0-use.local
  resolution: "@liukai2_p/react-native-wheel-picky@workspace:."
  languageName: unknown
  linkType: soft
